
Microsoft Visual Studio Solution File, Format Version 12.00
# Visual Studio Version 17
VisualStudioVersion = 17.0.31903.59
MinimumVisualStudioVersion = 10.0.40219.1
Project("{2150E333-8FDC-42A3-9474-1A3956D46DE8}") = "src", "src", "{16C9A89E-667D-43EF-9448-B15B3E784C4C}"
EndProject
Project("{FAE04EC0-301F-11D3-BF4B-00C04F79EFBC}") = "AlmChatBot.Api", "src\AlmChatBot.Api\AlmChatBot.Api.csproj", "{1F1A4D3D-79AF-4EA4-B279-18EDD574E445}"
EndProject
Project("{2150E333-8FDC-42A3-9474-1A3956D46DE8}") = "tests", "tests", "{1DDFD9F2-FF2B-4622-88EF-812B6BA9611F}"
EndProject
Project("{FAE04EC0-301F-11D3-BF4B-00C04F79EFBC}") = "AlmChatBot.Api.Tests", "tests\AlmChatBot.Api.Tests\AlmChatBot.Api.Tests.csproj", "{7F064623-F5BB-4658-A4A7-11E9E8D6B556}"
EndProject
Global
	GlobalSection(SolutionConfigurationPlatforms) = preSolution
		Debug|Any CPU = Debug|Any CPU
		Release|Any CPU = Release|Any CPU
	EndGlobalSection
	GlobalSection(SolutionProperties) = preSolution
		HideSolutionNode = FALSE
	EndGlobalSection
	GlobalSection(ProjectConfigurationPlatforms) = postSolution
		{1F1A4D3D-79AF-4EA4-B279-18EDD574E445}.Debug|Any CPU.ActiveCfg = Debug|Any CPU
		{1F1A4D3D-79AF-4EA4-B279-18EDD574E445}.Debug|Any CPU.Build.0 = Debug|Any CPU
		{1F1A4D3D-79AF-4EA4-B279-18EDD574E445}.Release|Any CPU.ActiveCfg = Release|Any CPU
		{1F1A4D3D-79AF-4EA4-B279-18EDD574E445}.Release|Any CPU.Build.0 = Release|Any CPU
		{7F064623-F5BB-4658-A4A7-11E9E8D6B556}.Debug|Any CPU.ActiveCfg = Debug|Any CPU
		{7F064623-F5BB-4658-A4A7-11E9E8D6B556}.Debug|Any CPU.Build.0 = Debug|Any CPU
		{7F064623-F5BB-4658-A4A7-11E9E8D6B556}.Release|Any CPU.ActiveCfg = Release|Any CPU
		{7F064623-F5BB-4658-A4A7-11E9E8D6B556}.Release|Any CPU.Build.0 = Release|Any CPU
	EndGlobalSection
	GlobalSection(NestedProjects) = preSolution
		{1F1A4D3D-79AF-4EA4-B279-18EDD574E445} = {16C9A89E-667D-43EF-9448-B15B3E784C4C}
		{7F064623-F5BB-4658-A4A7-11E9E8D6B556} = {1DDFD9F2-FF2B-4622-88EF-812B6BA9611F}
	EndGlobalSection
EndGlobal
